
Microsoft Visual Studio Solution File, Format Version 12.00
# Visual Studio Version 17
VisualStudioVersion = 17.9.34616.47
MinimumVisualStudioVersion = 10.0.40219.1
Project("{9A19103F-16F7-4668-BE54-9A1E7A4F7556}") = "Akka.Restaurant", "Akka.Restaurant\Akka.Restaurant.csproj", "{C58E8448-E335-48E2-93A5-2E02191B142E}"
EndProject
Global
	GlobalSection(SolutionConfigurationPlatforms) = preSolution
		Debug|Any CPU = Debug|Any CPU
		Release|Any CPU = Release|Any CPU
	EndGlobalSection
	GlobalSection(ProjectConfigurationPlatforms) = postSolution
		{C58E8448-E335-48E2-93A5-2E02191B142E}.Debug|Any CPU.ActiveCfg = Debug|Any CPU
		{C58E8448-E335-48E2-93A5-2E02191B142E}.Debug|Any CPU.Build.0 = Debug|Any CPU
		{C58E8448-E335-48E2-93A5-2E02191B142E}.Release|Any CPU.ActiveCfg = Release|Any CPU
		{C58E8448-E335-48E2-93A5-2E02191B142E}.Release|Any CPU.Build.0 = Release|Any CPU
	EndGlobalSection
	GlobalSection(SolutionProperties) = preSolution
		HideSolutionNode = FALSE
	EndGlobalSection
	GlobalSection(ExtensibilityGlobals) = postSolution
		SolutionGuid = {50A50C95-A9F5-4E00-8E08-6943C620D85C}
	EndGlobalSection
EndGlobal
